
Microsoft Visual Studio Solution File, Format Version 12.00
# Visual Studio Version 16
VisualStudioVersion = 16.0.29318.209
MinimumVisualStudioVersion = 10.0.40219.1
Project("{2150E333-8FDC-42A3-9474-1A3956D46DE8}") = "01. Infrastructure Sub Layer", "01. Infrastructure Sub Layer", "{FF8D64B5-39E0-4AC2-BBDC-EC5E9F765828}"
EndProject
Project("{9A19103F-16F7-4668-BE54-9A1E7A4F7556}") = "KSociety.Base.InfraSub.Shared", "Src\01\KSociety.Base.InfraSub.Shared\KSociety.Base.InfraSub.Shared.csproj", "{CBC0B457-1B55-4A12-93E5-78565E40CC5E}"
EndProject
Project("{2150E333-8FDC-42A3-9474-1A3956D46DE8}") = "06. Infrastructure Layer", "06. Infrastructure Layer", "{0F17781B-CDB7-481C-9071-248D75DBA9A3}"
EndProject
Project("{9A19103F-16F7-4668-BE54-9A1E7A4F7556}") = "KSociety.Base.Infra.Shared", "Src\01\06\KSociety.Base.Infra.Shared\KSociety.Base.Infra.Shared.csproj", "{21B42B3C-BF3D-4427-896C-A5C30C12C8C9}"
EndProject
Project("{2150E333-8FDC-42A3-9474-1A3956D46DE8}") = "05. Domain Layer", "05. Domain Layer", "{1456E2C1-C1BF-4FBD-BC04-249A2BB810F6}"
EndProject
Project("{9A19103F-16F7-4668-BE54-9A1E7A4F7556}") = "KSociety.Base.Domain.Shared", "Src\01\05\KSociety.Base.Domain.Shared\KSociety.Base.Domain.Shared.csproj", "{575D2BD7-EFE0-474E-A5D1-4FE1FD87AFA6}"
EndProject
Project("{2150E333-8FDC-42A3-9474-1A3956D46DE8}") = "04. Business Layer", "04. Business Layer", "{D3E97DA9-A5E7-4A9E-9995-F57991AB10E6}"
EndProject
Project("{2150E333-8FDC-42A3-9474-1A3956D46DE8}") = "03. Application Layer", "03. Application Layer", "{A2168ABB-1685-4900-B758-D72E8B6D904A}"
EndProject
Project("{9A19103F-16F7-4668-BE54-9A1E7A4F7556}") = "KSociety.Base.App.Shared", "Src\01\03\KSociety.Base.App.Shared\KSociety.Base.App.Shared.csproj", "{B81B8D04-FF61-4F9D-B6CB-34CB6D123E8A}"
EndProject
Project("{2150E333-8FDC-42A3-9474-1A3956D46DE8}") = "02. Service Layer", "02. Service Layer", "{70BF49C5-3D2C-44BF-AA17-120433A78F9A}"
EndProject
Project("{9A19103F-16F7-4668-BE54-9A1E7A4F7556}") = "KSociety.Base.Srv.Shared", "Src\01\02\KSociety.Base.Srv.Shared\KSociety.Base.Srv.Shared.csproj", "{A42F25C0-774A-4325-B9F8-BD6A5673F70C}"
EndProject
Project("{2150E333-8FDC-42A3-9474-1A3956D46DE8}") = "KSocietyBaseEventBus", "KSocietyBaseEventBus", "{CF73F26D-A353-4070-B365-902C95836192}"
EndProject
Project("{9A19103F-16F7-4668-BE54-9A1E7A4F7556}") = "KSociety.Base.EventBus", "Src\01\KSocietyBaseEventBus\KSociety.Base.EventBus\KSociety.Base.EventBus.csproj", "{B90E03E8-82E8-4F37-A22E-B1806AC35A5B}"
EndProject
Project("{9A19103F-16F7-4668-BE54-9A1E7A4F7556}") = "KSociety.Base.EventBusRabbitMQ", "Src\01\KSocietyBaseEventBus\KSociety.Base.EventBusRabbitMQ\KSociety.Base.EventBusRabbitMQ.csproj", "{1598697C-A104-4F16-A3ED-FAF9EFE2B567}"
EndProject
Project("{2150E333-8FDC-42A3-9474-1A3956D46DE8}") = "01. Presentation Layer", "01. Presentation Layer", "{577755C6-6D08-4D83-8580-3FDCA28DCDB6}"
EndProject
Project("{9A19103F-16F7-4668-BE54-9A1E7A4F7556}") = "KSociety.Base.Pre.Model", "Src\01\01\KSociety.Base.Pre.Model\KSociety.Base.Pre.Model.csproj", "{430D4101-97EE-4EC5-B420-0E89E73789C9}"
EndProject
Project("{9A19103F-16F7-4668-BE54-9A1E7A4F7556}") = "KSociety.Base.Srv.Agent", "Src\01\02\KSociety.Base.Srv.Agent\KSociety.Base.Srv.Agent.csproj", "{7DB68B7A-CD63-4213-926B-A77856317B96}"
EndProject
Project("{9A19103F-16F7-4668-BE54-9A1E7A4F7556}") = "KSociety.Base.Srv.Contract", "Src\01\02\KSociety.Base.Srv.Contract\KSociety.Base.Srv.Contract.csproj", "{9D656152-E801-4820-9EAF-6F4804B2FF17}"
EndProject
Project("{9A19103F-16F7-4668-BE54-9A1E7A4F7556}") = "KSociety.Base.Srv.Behavior", "Src\01\02\KSociety.Base.Srv.Behavior\KSociety.Base.Srv.Behavior.csproj", "{154F9F31-DBF0-4DC7-B6F4-A527A7517F9E}"
EndProject
Project("{9A19103F-16F7-4668-BE54-9A1E7A4F7556}") = "KSociety.Base.Srv.Dto", "Src\01\02\KSociety.Base.Srv.Dto\KSociety.Base.Srv.Dto.csproj", "{91C5EBE6-3786-4C6D-A159-A82022EFACD8}"
EndProject
Project("{2150E333-8FDC-42A3-9474-1A3956D46DE8}") = "Host", "Host", "{6A24FDA9-784D-42B2-844F-B74F85CC7624}"
EndProject
Project("{9A19103F-16F7-4668-BE54-9A1E7A4F7556}") = "KSociety.Base.Srv.Host.Shared", "Src\01\02\Host\KSociety.Base.Srv.Host.Shared\KSociety.Base.Srv.Host.Shared.csproj", "{639A76AF-89B7-431E-A39B-42D066D72FBC}"
EndProject
Project("{2150E333-8FDC-42A3-9474-1A3956D46DE8}") = "Solution Items", "Solution Items", "{FADFC311-ABBF-4761-95DC-333CE85202A4}"
	ProjectSection(SolutionItems) = preProject
		.editorconfig = .editorconfig
		appveyor.cmd = appveyor.cmd
		appveyor.yml = appveyor.yml
		global.json = global.json
		NuGet.config = NuGet.config
		README.MD = README.MD
		version.json = version.json
	EndProjectSection
EndProject
Project("{2150E333-8FDC-42A3-9474-1A3956D46DE8}") = "Test", "Test", "{D2EEE443-B6C6-42C2-8F2B-E86E27DB20FC}"
EndProject
Project("{9A19103F-16F7-4668-BE54-9A1E7A4F7556}") = "KSociety.Base.Infra.Shared.Test", "Src\01\06\Test\KSociety.Base.Infra.Shared.Test\KSociety.Base.Infra.Shared.Test.csproj", "{B123EEA1-2CEB-431E-B664-F0C398E5CD32}"
EndProject
Project("{2150E333-8FDC-42A3-9474-1A3956D46DE8}") = "Test", "Test", "{C5602DDC-0CF9-47DF-A6CE-2DDF9338D31B}"
EndProject
Project("{9A19103F-16F7-4668-BE54-9A1E7A4F7556}") = "KSociety.Base.EventBus.Test", "Src\01\KSocietyBaseEventBus\Test\KSociety.Base.EventBus.Test\KSociety.Base.EventBus.Test.csproj", "{DE64BA52-68C2-4800-8939-D902ADFC79C4}"
EndProject
Project("{2150E333-8FDC-42A3-9474-1A3956D46DE8}") = "Web", "Web", "{3CBDC3D8-D309-4EF0-8B21-7BF08A1C09FA}"
EndProject
Project("{9A19103F-16F7-4668-BE54-9A1E7A4F7556}") = "KSociety.Base.Pre.Web.Shared", "Src\01\01\Web\KSociety.Base.Pre.Web.Shared\KSociety.Base.Pre.Web.Shared.csproj", "{3235B228-9294-4E9E-8F24-2146C0AA8DE1}"
EndProject
Project("{9A19103F-16F7-4668-BE54-9A1E7A4F7556}") = "KSociety.Base.Pre.Web.AppTest", "Src\01\01\Web\KSociety.Base.Pre.Web.AppTest\KSociety.Base.Pre.Web.AppTest.csproj", "{74C29A9D-E488-4C66-8E15-38234234CF5F}"
EndProject
Project("{2150E333-8FDC-42A3-9474-1A3956D46DE8}") = "00. Install", "00. Install", "{DDD58D75-68A1-4450-BFF6-0A0A107259DB}"
EndProject
Project("{FAE04EC0-301F-11D3-BF4B-00C04F79EFBC}") = "KSociety.Base.InstallAction", "Src\00\KSociety.Base.InstallAction\KSociety.Base.InstallAction.csproj", "{BE0E649A-8B5F-421F-8F07-400C9DD91BB6}"
EndProject
Global
	GlobalSection(SolutionConfigurationPlatforms) = preSolution
		Debug|Any CPU = Debug|Any CPU
		Release|Any CPU = Release|Any CPU
	EndGlobalSection
	GlobalSection(ProjectConfigurationPlatforms) = postSolution
		{CBC0B457-1B55-4A12-93E5-78565E40CC5E}.Debug|Any CPU.ActiveCfg = Debug|Any CPU
		{CBC0B457-1B55-4A12-93E5-78565E40CC5E}.Debug|Any CPU.Build.0 = Debug|Any CPU
		{CBC0B457-1B55-4A12-93E5-78565E40CC5E}.Release|Any CPU.ActiveCfg = Release|Any CPU
		{CBC0B457-1B55-4A12-93E5-78565E40CC5E}.Release|Any CPU.Build.0 = Release|Any CPU
		{21B42B3C-BF3D-4427-896C-A5C30C12C8C9}.Debug|Any CPU.ActiveCfg = Debug|Any CPU
		{21B42B3C-BF3D-4427-896C-A5C30C12C8C9}.Debug|Any CPU.Build.0 = Debug|Any CPU
		{21B42B3C-BF3D-4427-896C-A5C30C12C8C9}.Release|Any CPU.ActiveCfg = Release|Any CPU
		{21B42B3C-BF3D-4427-896C-A5C30C12C8C9}.Release|Any CPU.Build.0 = Release|Any CPU
		{575D2BD7-EFE0-474E-A5D1-4FE1FD87AFA6}.Debug|Any CPU.ActiveCfg = Debug|Any CPU
		{575D2BD7-EFE0-474E-A5D1-4FE1FD87AFA6}.Debug|Any CPU.Build.0 = Debug|Any CPU
		{575D2BD7-EFE0-474E-A5D1-4FE1FD87AFA6}.Release|Any CPU.ActiveCfg = Release|Any CPU
		{575D2BD7-EFE0-474E-A5D1-4FE1FD87AFA6}.Release|Any CPU.Build.0 = Release|Any CPU
		{B81B8D04-FF61-4F9D-B6CB-34CB6D123E8A}.Debug|Any CPU.ActiveCfg = Debug|Any CPU
		{B81B8D04-FF61-4F9D-B6CB-34CB6D123E8A}.Debug|Any CPU.Build.0 = Debug|Any CPU
		{B81B8D04-FF61-4F9D-B6CB-34CB6D123E8A}.Release|Any CPU.ActiveCfg = Release|Any CPU
		{B81B8D04-FF61-4F9D-B6CB-34CB6D123E8A}.Release|Any CPU.Build.0 = Release|Any CPU
		{A42F25C0-774A-4325-B9F8-BD6A5673F70C}.Debug|Any CPU.ActiveCfg = Debug|Any CPU
		{A42F25C0-774A-4325-B9F8-BD6A5673F70C}.Debug|Any CPU.Build.0 = Debug|Any CPU
		{A42F25C0-774A-4325-B9F8-BD6A5673F70C}.Release|Any CPU.ActiveCfg = Release|Any CPU
		{A42F25C0-774A-4325-B9F8-BD6A5673F70C}.Release|Any CPU.Build.0 = Release|Any CPU
		{B90E03E8-82E8-4F37-A22E-B1806AC35A5B}.Debug|Any CPU.ActiveCfg = Debug|Any CPU
		{B90E03E8-82E8-4F37-A22E-B1806AC35A5B}.Debug|Any CPU.Build.0 = Debug|Any CPU
		{B90E03E8-82E8-4F37-A22E-B1806AC35A5B}.Release|Any CPU.ActiveCfg = Release|Any CPU
		{B90E03E8-82E8-4F37-A22E-B1806AC35A5B}.Release|Any CPU.Build.0 = Release|Any CPU
		{1598697C-A104-4F16-A3ED-FAF9EFE2B567}.Debug|Any CPU.ActiveCfg = Debug|Any CPU
		{1598697C-A104-4F16-A3ED-FAF9EFE2B567}.Debug|Any CPU.Build.0 = Debug|Any CPU
		{1598697C-A104-4F16-A3ED-FAF9EFE2B567}.Release|Any CPU.ActiveCfg = Release|Any CPU
		{1598697C-A104-4F16-A3ED-FAF9EFE2B567}.Release|Any CPU.Build.0 = Release|Any CPU
		{430D4101-97EE-4EC5-B420-0E89E73789C9}.Debug|Any CPU.ActiveCfg = Debug|Any CPU
		{430D4101-97EE-4EC5-B420-0E89E73789C9}.Debug|Any CPU.Build.0 = Debug|Any CPU
		{430D4101-97EE-4EC5-B420-0E89E73789C9}.Release|Any CPU.ActiveCfg = Release|Any CPU
		{430D4101-97EE-4EC5-B420-0E89E73789C9}.Release|Any CPU.Build.0 = Release|Any CPU
		{7DB68B7A-CD63-4213-926B-A77856317B96}.Debug|Any CPU.ActiveCfg = Debug|Any CPU
		{7DB68B7A-CD63-4213-926B-A77856317B96}.Debug|Any CPU.Build.0 = Debug|Any CPU
		{7DB68B7A-CD63-4213-926B-A77856317B96}.Release|Any CPU.ActiveCfg = Release|Any CPU
		{7DB68B7A-CD63-4213-926B-A77856317B96}.Release|Any CPU.Build.0 = Release|Any CPU
		{9D656152-E801-4820-9EAF-6F4804B2FF17}.Debug|Any CPU.ActiveCfg = Debug|Any CPU
		{9D656152-E801-4820-9EAF-6F4804B2FF17}.Debug|Any CPU.Build.0 = Debug|Any CPU
		{9D656152-E801-4820-9EAF-6F4804B2FF17}.Release|Any CPU.ActiveCfg = Release|Any CPU
		{9D656152-E801-4820-9EAF-6F4804B2FF17}.Release|Any CPU.Build.0 = Release|Any CPU
		{154F9F31-DBF0-4DC7-B6F4-A527A7517F9E}.Debug|Any CPU.ActiveCfg = Debug|Any CPU
		{154F9F31-DBF0-4DC7-B6F4-A527A7517F9E}.Debug|Any CPU.Build.0 = Debug|Any CPU
		{154F9F31-DBF0-4DC7-B6F4-A527A7517F9E}.Release|Any CPU.ActiveCfg = Release|Any CPU
		{154F9F31-DBF0-4DC7-B6F4-A527A7517F9E}.Release|Any CPU.Build.0 = Release|Any CPU
		{91C5EBE6-3786-4C6D-A159-A82022EFACD8}.Debug|Any CPU.ActiveCfg = Debug|Any CPU
		{91C5EBE6-3786-4C6D-A159-A82022EFACD8}.Debug|Any CPU.Build.0 = Debug|Any CPU
		{91C5EBE6-3786-4C6D-A159-A82022EFACD8}.Release|Any CPU.ActiveCfg = Release|Any CPU
		{91C5EBE6-3786-4C6D-A159-A82022EFACD8}.Release|Any CPU.Build.0 = Release|Any CPU
		{639A76AF-89B7-431E-A39B-42D066D72FBC}.Debug|Any CPU.ActiveCfg = Debug|Any CPU
		{639A76AF-89B7-431E-A39B-42D066D72FBC}.Debug|Any CPU.Build.0 = Debug|Any CPU
		{639A76AF-89B7-431E-A39B-42D066D72FBC}.Release|Any CPU.ActiveCfg = Release|Any CPU
		{639A76AF-89B7-431E-A39B-42D066D72FBC}.Release|Any CPU.Build.0 = Release|Any CPU
		{B123EEA1-2CEB-431E-B664-F0C398E5CD32}.Debug|Any CPU.ActiveCfg = Debug|Any CPU
		{B123EEA1-2CEB-431E-B664-F0C398E5CD32}.Debug|Any CPU.Build.0 = Debug|Any CPU
		{B123EEA1-2CEB-431E-B664-F0C398E5CD32}.Release|Any CPU.ActiveCfg = Release|Any CPU
		{DE64BA52-68C2-4800-8939-D902ADFC79C4}.Debug|Any CPU.ActiveCfg = Debug|Any CPU
		{DE64BA52-68C2-4800-8939-D902ADFC79C4}.Debug|Any CPU.Build.0 = Debug|Any CPU
		{DE64BA52-68C2-4800-8939-D902ADFC79C4}.Release|Any CPU.ActiveCfg = Release|Any CPU
		{DE64BA52-68C2-4800-8939-D902ADFC79C4}.Release|Any CPU.Build.0 = Release|Any CPU
		{3235B228-9294-4E9E-8F24-2146C0AA8DE1}.Debug|Any CPU.ActiveCfg = Debug|Any CPU
		{3235B228-9294-4E9E-8F24-2146C0AA8DE1}.Debug|Any CPU.Build.0 = Debug|Any CPU
		{3235B228-9294-4E9E-8F24-2146C0AA8DE1}.Release|Any CPU.ActiveCfg = Release|Any CPU
		{3235B228-9294-4E9E-8F24-2146C0AA8DE1}.Release|Any CPU.Build.0 = Release|Any CPU
		{74C29A9D-E488-4C66-8E15-38234234CF5F}.Debug|Any CPU.ActiveCfg = Debug|Any CPU
		{74C29A9D-E488-4C66-8E15-38234234CF5F}.Debug|Any CPU.Build.0 = Debug|Any CPU
		{74C29A9D-E488-4C66-8E15-38234234CF5F}.Release|Any CPU.ActiveCfg = Release|Any CPU
		{74C29A9D-E488-4C66-8E15-38234234CF5F}.Release|Any CPU.Build.0 = Release|Any CPU
		{BE0E649A-8B5F-421F-8F07-400C9DD91BB6}.Debug|Any CPU.ActiveCfg = Debug|Any CPU
		{BE0E649A-8B5F-421F-8F07-400C9DD91BB6}.Debug|Any CPU.Build.0 = Debug|Any CPU
		{BE0E649A-8B5F-421F-8F07-400C9DD91BB6}.Release|Any CPU.ActiveCfg = Release|Any CPU
		{BE0E649A-8B5F-421F-8F07-400C9DD91BB6}.Release|Any CPU.Build.0 = Release|Any CPU
	EndGlobalSection
	GlobalSection(SolutionProperties) = preSolution
		HideSolutionNode = FALSE
	EndGlobalSection
	GlobalSection(NestedProjects) = preSolution
		{CBC0B457-1B55-4A12-93E5-78565E40CC5E} = {FF8D64B5-39E0-4AC2-BBDC-EC5E9F765828}
		{0F17781B-CDB7-481C-9071-248D75DBA9A3} = {FF8D64B5-39E0-4AC2-BBDC-EC5E9F765828}
		{21B42B3C-BF3D-4427-896C-A5C30C12C8C9} = {0F17781B-CDB7-481C-9071-248D75DBA9A3}
		{1456E2C1-C1BF-4FBD-BC04-249A2BB810F6} = {FF8D64B5-39E0-4AC2-BBDC-EC5E9F765828}
		{575D2BD7-EFE0-474E-A5D1-4FE1FD87AFA6} = {1456E2C1-C1BF-4FBD-BC04-249A2BB810F6}
		{D3E97DA9-A5E7-4A9E-9995-F57991AB10E6} = {FF8D64B5-39E0-4AC2-BBDC-EC5E9F765828}
		{A2168ABB-1685-4900-B758-D72E8B6D904A} = {FF8D64B5-39E0-4AC2-BBDC-EC5E9F765828}
		{B81B8D04-FF61-4F9D-B6CB-34CB6D123E8A} = {A2168ABB-1685-4900-B758-D72E8B6D904A}
		{70BF49C5-3D2C-44BF-AA17-120433A78F9A} = {FF8D64B5-39E0-4AC2-BBDC-EC5E9F765828}
		{A42F25C0-774A-4325-B9F8-BD6A5673F70C} = {70BF49C5-3D2C-44BF-AA17-120433A78F9A}
		{CF73F26D-A353-4070-B365-902C95836192} = {FF8D64B5-39E0-4AC2-BBDC-EC5E9F765828}
		{B90E03E8-82E8-4F37-A22E-B1806AC35A5B} = {CF73F26D-A353-4070-B365-902C95836192}
		{1598697C-A104-4F16-A3ED-FAF9EFE2B567} = {CF73F26D-A353-4070-B365-902C95836192}
		{577755C6-6D08-4D83-8580-3FDCA28DCDB6} = {FF8D64B5-39E0-4AC2-BBDC-EC5E9F765828}
		{430D4101-97EE-4EC5-B420-0E89E73789C9} = {577755C6-6D08-4D83-8580-3FDCA28DCDB6}
		{7DB68B7A-CD63-4213-926B-A77856317B96} = {70BF49C5-3D2C-44BF-AA17-120433A78F9A}
		{9D656152-E801-4820-9EAF-6F4804B2FF17} = {70BF49C5-3D2C-44BF-AA17-120433A78F9A}
		{154F9F31-DBF0-4DC7-B6F4-A527A7517F9E} = {70BF49C5-3D2C-44BF-AA17-120433A78F9A}
		{91C5EBE6-3786-4C6D-A159-A82022EFACD8} = {70BF49C5-3D2C-44BF-AA17-120433A78F9A}
		{6A24FDA9-784D-42B2-844F-B74F85CC7624} = {70BF49C5-3D2C-44BF-AA17-120433A78F9A}
		{639A76AF-89B7-431E-A39B-42D066D72FBC} = {6A24FDA9-784D-42B2-844F-B74F85CC7624}
		{D2EEE443-B6C6-42C2-8F2B-E86E27DB20FC} = {0F17781B-CDB7-481C-9071-248D75DBA9A3}
		{B123EEA1-2CEB-431E-B664-F0C398E5CD32} = {D2EEE443-B6C6-42C2-8F2B-E86E27DB20FC}
		{C5602DDC-0CF9-47DF-A6CE-2DDF9338D31B} = {CF73F26D-A353-4070-B365-902C95836192}
		{DE64BA52-68C2-4800-8939-D902ADFC79C4} = {C5602DDC-0CF9-47DF-A6CE-2DDF9338D31B}
		{3CBDC3D8-D309-4EF0-8B21-7BF08A1C09FA} = {577755C6-6D08-4D83-8580-3FDCA28DCDB6}
		{3235B228-9294-4E9E-8F24-2146C0AA8DE1} = {3CBDC3D8-D309-4EF0-8B21-7BF08A1C09FA}
		{74C29A9D-E488-4C66-8E15-38234234CF5F} = {3CBDC3D8-D309-4EF0-8B21-7BF08A1C09FA}
		{BE0E649A-8B5F-421F-8F07-400C9DD91BB6} = {DDD58D75-68A1-4450-BFF6-0A0A107259DB}
	EndGlobalSection
	GlobalSection(ExtensibilityGlobals) = postSolution
		SolutionGuid = {99171B9C-B7B3-4746-8EE3-E488C03B00D9}
	EndGlobalSection
EndGlobal
